# This file is automatically @generated by Poetry 1.8.3 and should not be changed by hand.

[[package]]
name = "absl-py"
version = "2.1.0"
description = "Abseil Python Common Libraries, see https://github.com/abseil/abseil-py."
optional = false
python-versions = ">=3.7"
files = [
    {file = "absl-py-2.1.0.tar.gz", hash = "sha256:7820790efbb316739cde8b4e19357243fc3608a152024288513dd968d7d959ff"},
    {file = "absl_py-2.1.0-py3-none-any.whl", hash = "sha256:526a04eadab8b4ee719ce68f204172ead1027549089702d99b9059f129ff1308"},
]

[[package]]
name = "blackjax"
version = "1.2.4"
description = "Flexible and fast sampling in Python"
optional = false
python-versions = ">=3.9"
files = [
    {file = "blackjax-1.2.4-py3-none-any.whl", hash = "sha256:95920018999953cd7c15b463b6f175f4e6181b5e7fbc3a3afae37f0a4b579f46"},
    {file = "blackjax-1.2.4.tar.gz", hash = "sha256:120660f2ecd75e7d307014a2ee62a2318a57973742c4b9ee411014c251a09ffa"},
]

[package.dependencies]
fastprogress = ">=1.0.0"
jax = ">=0.4.16"
jaxlib = ">=0.4.16"
jaxopt = ">=0.8"
optax = ">=0.1.7"
typing-extensions = ">=4.4.0"

[[package]]
name = "chex"
version = "0.1.88"
description = "Chex: Testing made fun, in JAX!"
optional = false
python-versions = ">=3.9"
files = [
    {file = "chex-0.1.88-py3-none-any.whl", hash = "sha256:234b61a5baa8132802e4b9c5657167d6c8a911d90a59a0bec47d537567e41b75"},
    {file = "chex-0.1.88.tar.gz", hash = "sha256:565de897b1373232cdfca5e699f50fa49403d2c7d23f6c5a75a97ef713d2fe36"},
]

[package.dependencies]
absl-py = ">=0.9.0"
jax = ">=0.4.27"
jaxlib = ">=0.4.27"
numpy = ">=1.24.1"
setuptools = {version = "*", markers = "python_version >= \"3.12\""}
toolz = ">=0.9.0"
typing_extensions = ">=4.2.0"

[[package]]
name = "etils"
version = "1.11.0"
description = "Collection of common python utils"
optional = false
python-versions = ">=3.10"
files = [
    {file = "etils-1.11.0-py3-none-any.whl", hash = "sha256:a394cf3476bcec51c221426a70c39cd1006e889456ba41e4d7f12fd6814be7a5"},
    {file = "etils-1.11.0.tar.gz", hash = "sha256:aff3278a3be7fddf302dfd80335e9f924244666c71239cd91e836f3d055f1c4a"},
]

[package.dependencies]
typing_extensions = {version = "*", optional = true, markers = "extra == \"epy\""}

[package.extras]
all = ["etils[array-types]", "etils[eapp]", "etils[ecolab]", "etils[edc]", "etils[enp]", "etils[epath-gcs]", "etils[epath-s3]", "etils[epath]", "etils[epy]", "etils[etqdm]", "etils[etree-dm]", "etils[etree-jax]", "etils[etree-tf]", "etils[etree]"]
array-types = ["etils[enp]"]
dev = ["chex", "fiddle", "optree", "pydantic", "pyink", "pylint (>=2.6.0)", "pytest", "pytest-subtests", "pytest-xdist", "tensorflow_datasets", "torch"]
docs = ["etils[all,dev]", "sphinx-apitree[ext]"]
eapp = ["absl-py", "etils[epy]", "simple_parsing"]
ecolab = ["etils[enp]", "etils[epy]", "etils[etree]", "jupyter", "mediapy", "numpy", "packaging", "protobuf"]
edc = ["etils[epy]"]
enp = ["etils[epy]", "numpy"]
epath = ["etils[epy]", "fsspec", "importlib_resources", "typing_extensions", "zipp"]
epath-gcs = ["etils[epath]", "gcsfs"]
epath-s3 = ["etils[epath]", "s3fs"]
epy = ["typing_extensions"]
etqdm = ["absl-py", "etils[epy]", "tqdm"]
etree = ["etils[array-types]", "etils[enp]", "etils[epy]", "etils[etqdm]"]
etree-dm = ["dm-tree", "etils[etree]"]
etree-jax = ["etils[etree]", "jax[cpu]"]
etree-tf = ["etils[etree]", "tensorflow"]
lazy-imports = ["etils[ecolab]"]

[[package]]
name = "fastprogress"
version = "1.0.3"
description = "A nested progress with plotting options for fastai"
optional = false
python-versions = ">=3.6"
files = [
    {file = "fastprogress-1.0.3-py3-none-any.whl", hash = "sha256:6dfea88f7a4717b0a8d6ee2048beae5dbed369f932a368c5dd9caff34796f7c5"},
    {file = "fastprogress-1.0.3.tar.gz", hash = "sha256:7a17d2b438890f838c048eefce32c4ded47197ecc8ea042cecc33d3deb8022f5"},
]

[[package]]
name = "jax"
version = "0.4.38"
description = "Differentiate, compile, and transform Numpy code."
optional = false
python-versions = ">=3.10"
files = [
    {file = "jax-0.4.38-py3-none-any.whl", hash = "sha256:78987306f7041ea8500d99df1a17c33ed92620c2268c4c3677fb24e06712be64"},
    {file = "jax-0.4.38.tar.gz", hash = "sha256:43bae65881628319e0a2148e8f81a202fbc2b8d048e35c7cb1df2416672fa4a8"},
]

[package.dependencies]
jaxlib = "0.4.38"
ml_dtypes = ">=0.4.0"
numpy = {version = ">=1.26.0", markers = "python_version >= \"3.12\""}
opt_einsum = "*"
scipy = {version = ">=1.11.1", markers = "python_version >= \"3.12\""}

[package.extras]
ci = ["jaxlib (==0.4.36)"]
cuda = ["jax-cuda12-plugin[with-cuda] (==0.4.38)", "jaxlib (==0.4.38)"]
cuda12 = ["jax-cuda12-plugin[with-cuda] (==0.4.38)", "jaxlib (==0.4.38)"]
cuda12-local = ["jax-cuda12-plugin (==0.4.38)", "jaxlib (==0.4.38)"]
cuda12-pip = ["jax-cuda12-plugin[with-cuda] (==0.4.38)", "jaxlib (==0.4.38)"]
k8s = ["kubernetes"]
minimum-jaxlib = ["jaxlib (==0.4.38)"]
tpu = ["jaxlib (==0.4.38)", "libtpu (==0.0.7)", "libtpu-nightly (==0.1.dev20241010+nightly.cleanup)", "requests"]

[[package]]
name = "jaxlib"
version = "0.4.38"
description = "XLA library for JAX"
optional = false
python-versions = ">=3.10"
files = [
    {file = "jaxlib-0.4.38-cp310-cp310-macosx_10_14_x86_64.whl", hash = "sha256:55c19b9d3f33a6fc59f644aa5a21fba02639ccdd776cb4a9b5526625f57839ff"},
    {file = "jaxlib-0.4.38-cp310-cp310-macosx_11_0_arm64.whl", hash = "sha256:30b2f52cb50d74734af2f477c2533a7a583e3bb7b2c8acdeb361ee77d940577a"},
    {file = "jaxlib-0.4.38-cp310-cp310-manylinux2014_aarch64.whl", hash = "sha256:ee19c163a8fdf0839d4c18b88a5fbfb4e731ba7c437416d3e5483e570bb764e4"},
    {file = "jaxlib-0.4.38-cp310-cp310-manylinux2014_x86_64.whl", hash = "sha256:61aeccb9a27c67fdb8450f6357240019cd4511cb9d62a44e4764756d384853ad"},
    {file = "jaxlib-0.4.38-cp310-cp310-win_amd64.whl", hash = "sha256:d6ab745a89d0fb737a36fe1d8b86659e3fffe6ee8303b20651b26193d5edc0ef"},
    {file = "jaxlib-0.4.38-cp311-cp311-macosx_10_14_x86_64.whl", hash = "sha256:b67fdeabd6dfed08b7768f3bdffb521160085f8305669bd197beef61d08de08b"},
    {file = "jaxlib-0.4.38-cp311-cp311-macosx_11_0_arm64.whl", hash = "sha256:3fb0eaae7369157afecbead50aaf29e73ffddfa77a2335d721bd9794f3c510e4"},
    {file = "jaxlib-0.4.38-cp311-cp311-manylinux2014_aarch64.whl", hash = "sha256:43db58c4c427627296366a56c10318e1f00f503690e17f94bb4344293e1995e0"},
    {file = "jaxlib-0.4.38-cp311-cp311-manylinux2014_x86_64.whl", hash = "sha256:2751ff7037d6a997d0be0e77cc4be381c5a9f9bb8b314edb755c13a6fd969f45"},
    {file = "jaxlib-0.4.38-cp311-cp311-win_amd64.whl", hash = "sha256:35226968fc9de6873d1571670eac4117f5ed80e955f7a1775204d1044abe16c6"},
    {file = "jaxlib-0.4.38-cp312-cp312-macosx_10_14_x86_64.whl", hash = "sha256:3fefea985f0415816f3bbafd3f03a437050275ef9bac9a72c1314e1644ac57c1"},
    {file = "jaxlib-0.4.38-cp312-cp312-macosx_11_0_arm64.whl", hash = "sha256:f33bcafe32c97a562ecf6894d7c41674c80c0acdedfa5423d49af51147149874"},
    {file = "jaxlib-0.4.38-cp312-cp312-manylinux2014_aarch64.whl", hash = "sha256:496f45b0e001a2341309cd0c74af0b670537dced79c168cb230cfcc773f0aa86"},
    {file = "jaxlib-0.4.38-cp312-cp312-manylinux2014_x86_64.whl", hash = "sha256:dad6c0a96567c06d083c0469fec40f201210b099365bd698be31a6d2ec88fd59"},
    {file = "jaxlib-0.4.38-cp312-cp312-win_amd64.whl", hash = "sha256:966cdec36cfa978f5b4582bcb4147fe511725b94c1a752dac3a5f52ce46b6fa3"},
    {file = "jaxlib-0.4.38-cp313-cp313-macosx_10_14_x86_64.whl", hash = "sha256:41e55ae5818a882e5789e848f6f16687ac132bcfbb5a5fa114a5d18b78d05f2d"},
    {file = "jaxlib-0.4.38-cp313-cp313-macosx_11_0_arm64.whl", hash = "sha256:6fe326b8af366387dd47ccf312583b2b17fed12712c9b74a648b18a13cbdbabf"},
    {file = "jaxlib-0.4.38-cp313-cp313-manylinux2014_aarch64.whl", hash = "sha256:248cca3771ebf24b070f49701364ceada33e6139445b06c782cca5ac5ad92bf4"},
    {file = "jaxlib-0.4.38-cp313-cp313-manylinux2014_x86_64.whl", hash = "sha256:2ce77ba8cda9259a4bca97afc1c722e4291a6c463a63f8d372c6edc85117d625"},
    {file = "jaxlib-0.4.38-cp313-cp313-win_amd64.whl", hash = "sha256:4103db0b3a38a5dc132741237453c24d8547290a22079ba1b577d6c88c95300a"},
]

[package.dependencies]
ml-dtypes = ">=0.2.0"
numpy = ">=1.24"
scipy = {version = ">=1.11.1", markers = "python_version >= \"3.12\""}

[[package]]
name = "jaxopt"
version = "0.8.3"
description = "Hardware accelerated, batchable and differentiable optimizers in JAX."
optional = false
python-versions = "*"
files = [
    {file = "jaxopt-0.8.3-py3-none-any.whl", hash = "sha256:4be2f82798393682529c9ca5046e5397ac6c8657b8acb6bf275e773b28df15b6"},
    {file = "jaxopt-0.8.3.tar.gz", hash = "sha256:4b06dfa6f915a4f3291699606245af6069371a48dc5c92d4c507840d62990646"},
]

[package.dependencies]
jax = ">=0.2.18"
jaxlib = ">=0.1.69"
numpy = ">=1.18.4"
scipy = ">=1.0.0"

[[package]]
name = "ml-dtypes"
version = "0.5.0"
description = ""
optional = false
python-versions = ">=3.9"
files = [
    {file = "ml_dtypes-0.5.0-cp310-cp310-macosx_10_9_universal2.whl", hash = "sha256:8c32138975797e681eb175996d64356bcfa124bdbb6a70460b9768c2b35a6fa4"},
    {file = "ml_dtypes-0.5.0-cp310-cp310-manylinux_2_17_aarch64.manylinux2014_aarch64.whl", hash = "sha256:ab046f2ff789b1f11b2491909682c5d089934835f9a760fafc180e47dcb676b8"},
    {file = "ml_dtypes-0.5.0-cp310-cp310-manylinux_2_17_x86_64.manylinux2014_x86_64.whl", hash = "sha256:c7a9152f5876fef565516aa5dd1dccd6fc298a5891b2467973905103eb5c7856"},
    {file = "ml_dtypes-0.5.0-cp310-cp310-win_amd64.whl", hash = "sha256:968fede07d1f9b926a63df97d25ac656cac1a57ebd33701734eaf704bc55d8d8"},
    {file = "ml_dtypes-0.5.0-cp311-cp311-macosx_10_9_universal2.whl", hash = "sha256:60275f2b51b56834e840c4809fca840565f9bf8e9a73f6d8c94f5b5935701215"},
    {file = "ml_dtypes-0.5.0-cp311-cp311-manylinux_2_17_aarch64.manylinux2014_aarch64.whl", hash = "sha256:76942f6aeb5c40766d5ea62386daa4148e6a54322aaf5b53eae9e7553240222f"},
    {file = "ml_dtypes-0.5.0-cp311-cp311-manylinux_2_17_x86_64.manylinux2014_x86_64.whl", hash = "sha256:2e7534392682c3098bc7341648c650864207169c654aed83143d7a19c67ae06f"},
    {file = "ml_dtypes-0.5.0-cp311-cp311-win_amd64.whl", hash = "sha256:dc74fd9995513d33eac63d64e436240f5494ec74d522a9f0920194942fc3d2d7"},
    {file = "ml_dtypes-0.5.0-cp312-cp312-macosx_10_9_universal2.whl", hash = "sha256:d4b1a70a3e5219790d6b55b9507606fc4e02911d1497d16c18dd721eb7efe7d0"},
    {file = "ml_dtypes-0.5.0-cp312-cp312-manylinux_2_17_aarch64.manylinux2014_aarch64.whl", hash = "sha256:a988bac6572630e1e9c2edd9b1277b4eefd1c86209e52b0d061b775ac33902ff"},
    {file = "ml_dtypes-0.5.0-cp312-cp312-manylinux_2_17_x86_64.manylinux2014_x86_64.whl", hash = "sha256:a38df8df61194aeaae1ab7579075779b4ad32cd1cffd012c28be227fa7f2a70a"},
    {file = "ml_dtypes-0.5.0-cp312-cp312-win_amd64.whl", hash = "sha256:afa08343069874a30812871d639f9c02b4158ace065601406a493a8511180c02"},
    {file = "ml_dtypes-0.5.0-cp313-cp313-macosx_10_13_universal2.whl", hash = "sha256:d3b3db9990c3840986a0e70524e122cfa32b91139c3653df76121ba7776e015f"},
    {file = "ml_dtypes-0.5.0-cp313-cp313-manylinux_2_17_aarch64.manylinux2014_aarch64.whl", hash = "sha256:e04fde367b2fe901b1d47234426fe8819909bd1dd862a5adb630f27789c20599"},
    {file = "ml_dtypes-0.5.0-cp313-cp313-manylinux_2_17_x86_64.manylinux2014_x86_64.whl", hash = "sha256:54415257f00eb44fbcc807454efac3356f75644f1cbfc2d4e5522a72ae1dacab"},
    {file = "ml_dtypes-0.5.0-cp313-cp313-win_amd64.whl", hash = "sha256:cb5cc7b25acabd384f75bbd78892d0c724943f3e2e1986254665a1aa10982e07"},
    {file = "ml_dtypes-0.5.0-cp39-cp39-macosx_10_9_universal2.whl", hash = "sha256:5f2b59233a0dbb6a560b3137ed6125433289ccba2f8d9c3695a52423a369ed15"},
    {file = "ml_dtypes-0.5.0-cp39-cp39-manylinux_2_17_aarch64.manylinux2014_aarch64.whl", hash = "sha256:099e09edd54e676903b4538f3815b5ab96f5b119690514602d96bfdb67172cbe"},
    {file = "ml_dtypes-0.5.0-cp39-cp39-manylinux_2_17_x86_64.manylinux2014_x86_64.whl", hash = "sha256:a03fc861b86cc586728e3d093ba37f0cc05e65330c3ebd7688e7bae8290f8859"},
    {file = "ml_dtypes-0.5.0-cp39-cp39-win_amd64.whl", hash = "sha256:7ee9c320bb0f9ffdf9f6fa6a696ef2e005d1f66438d6f1c1457338e00a02e8cf"},
    {file = "ml_dtypes-0.5.0.tar.gz", hash = "sha256:3e7d3a380fe73a63c884f06136f8baa7a5249cc8e9fdec677997dd78549f8128"},
]

[package.dependencies]
numpy = [
    {version = ">=2.1.0", markers = "python_version >= \"3.13\""},
    {version = ">=1.26.0", markers = "python_version >= \"3.12\" and python_version < \"3.13\""},
]

[package.extras]
dev = ["absl-py", "pyink", "pylint (>=2.6.0)", "pytest", "pytest-xdist"]

[[package]]
name = "mypy"
version = "1.14.0"
description = "Optional static typing for Python"
optional = false
python-versions = ">=3.8"
files = [
    {file = "mypy-1.14.0-cp310-cp310-macosx_10_9_x86_64.whl", hash = "sha256:e971c1c667007f9f2b397ffa80fa8e1e0adccff336e5e77e74cb5f22868bee87"},
    {file = "mypy-1.14.0-cp310-cp310-macosx_11_0_arm64.whl", hash = "sha256:e86aaeaa3221a278c66d3d673b297232947d873773d61ca3ee0e28b2ff027179"},
    {file = "mypy-1.14.0-cp310-cp310-manylinux_2_17_x86_64.manylinux2014_x86_64.manylinux_2_28_x86_64.whl", hash = "sha256:1628c5c3ce823d296e41e2984ff88c5861499041cb416a8809615d0c1f41740e"},
    {file = "mypy-1.14.0-cp310-cp310-musllinux_1_2_x86_64.whl", hash = "sha256:7fadb29b77fc14a0dd81304ed73c828c3e5cde0016c7e668a86a3e0dfc9f3af3"},
    {file = "mypy-1.14.0-cp310-cp310-win_amd64.whl", hash = "sha256:3fa76988dc760da377c1e5069200a50d9eaaccf34f4ea18428a3337034ab5a44"},
    {file = "mypy-1.14.0-cp311-cp311-macosx_10_9_x86_64.whl", hash = "sha256:6e73c8a154eed31db3445fe28f63ad2d97b674b911c00191416cf7f6459fd49a"},
    {file = "mypy-1.14.0-cp311-cp311-macosx_11_0_arm64.whl", hash = "sha256:273e70fcb2e38c5405a188425aa60b984ffdcef65d6c746ea5813024b68c73dc"},
    {file = "mypy-1.14.0-cp311-cp311-manylinux_2_17_x86_64.manylinux2014_x86_64.manylinux_2_28_x86_64.whl", hash = "sha256:1daca283d732943731a6a9f20fdbcaa927f160bc51602b1d4ef880a6fb252015"},
    {file = "mypy-1.14.0-cp311-cp311-musllinux_1_2_x86_64.whl", hash = "sha256:7e68047bedb04c1c25bba9901ea46ff60d5eaac2d71b1f2161f33107e2b368eb"},
    {file = "mypy-1.14.0-cp311-cp311-win_amd64.whl", hash = "sha256:7a52f26b9c9b1664a60d87675f3bae00b5c7f2806e0c2800545a32c325920bcc"},
    {file = "mypy-1.14.0-cp312-cp312-macosx_10_13_x86_64.whl", hash = "sha256:d5326ab70a6db8e856d59ad4cb72741124950cbbf32e7b70e30166ba7bbf61dd"},
    {file = "mypy-1.14.0-cp312-cp312-macosx_11_0_arm64.whl", hash = "sha256:bf4ec4980bec1e0e24e5075f449d014011527ae0055884c7e3abc6a99cd2c7f1"},
    {file = "mypy-1.14.0-cp312-cp312-manylinux_2_17_x86_64.manylinux2014_x86_64.manylinux_2_28_x86_64.whl", hash = "sha256:390dfb898239c25289495500f12fa73aa7f24a4c6d90ccdc165762462b998d63"},
    {file = "mypy-1.14.0-cp312-cp312-musllinux_1_2_x86_64.whl", hash = "sha256:7e026d55ddcd76e29e87865c08cbe2d0104e2b3153a523c529de584759379d3d"},
    {file = "mypy-1.14.0-cp312-cp312-win_amd64.whl", hash = "sha256:585ed36031d0b3ee362e5107ef449a8b5dfd4e9c90ccbe36414ee405ee6b32ba"},
    {file = "mypy-1.14.0-cp313-cp313-macosx_10_13_x86_64.whl", hash = "sha256:e9f6f4c0b27401d14c483c622bc5105eff3911634d576bbdf6695b9a7c1ba741"},
    {file = "mypy-1.14.0-cp313-cp313-macosx_11_0_arm64.whl", hash = "sha256:56b2280cedcb312c7a79f5001ae5325582d0d339bce684e4a529069d0e7ca1e7"},
    {file = "mypy-1.14.0-cp313-cp313-manylinux_2_17_x86_64.manylinux2014_x86_64.manylinux_2_28_x86_64.whl", hash = "sha256:342de51c48bab326bfc77ce056ba08c076d82ce4f5a86621f972ed39970f94d8"},
    {file = "mypy-1.14.0-cp313-cp313-musllinux_1_2_x86_64.whl", hash = "sha256:00df23b42e533e02a6f0055e54de9a6ed491cd8b7ea738647364fd3a39ea7efc"},
    {file = "mypy-1.14.0-cp313-cp313-win_amd64.whl", hash = "sha256:e8c8387e5d9dff80e7daf961df357c80e694e942d9755f3ad77d69b0957b8e3f"},
    {file = "mypy-1.14.0-cp38-cp38-macosx_10_9_x86_64.whl", hash = "sha256:0b16738b1d80ec4334654e89e798eb705ac0c36c8a5c4798496cd3623aa02286"},
    {file = "mypy-1.14.0-cp38-cp38-macosx_11_0_arm64.whl", hash = "sha256:10065fcebb7c66df04b05fc799a854b1ae24d9963c8bb27e9064a9bdb43aa8ad"},
    {file = "mypy-1.14.0-cp38-cp38-manylinux_2_17_x86_64.manylinux2014_x86_64.manylinux_2_28_x86_64.whl", hash = "sha256:fbb7d683fa6bdecaa106e8368aa973ecc0ddb79a9eaeb4b821591ecd07e9e03c"},
    {file = "mypy-1.14.0-cp38-cp38-musllinux_1_2_x86_64.whl", hash = "sha256:3498cb55448dc5533e438cd13d6ddd28654559c8c4d1fd4b5ca57a31b81bac01"},
    {file = "mypy-1.14.0-cp38-cp38-win_amd64.whl", hash = "sha256:c7b243408ea43755f3a21a0a08e5c5ae30eddb4c58a80f415ca6b118816e60aa"},
    {file = "mypy-1.14.0-cp39-cp39-macosx_10_9_x86_64.whl", hash = "sha256:14117b9da3305b39860d0aa34b8f1ff74d209a368829a584eb77524389a9c13e"},
    {file = "mypy-1.14.0-cp39-cp39-macosx_11_0_arm64.whl", hash = "sha256:af98c5a958f9c37404bd4eef2f920b94874507e146ed6ee559f185b8809c44cc"},
    {file = "mypy-1.14.0-cp39-cp39-manylinux_2_17_x86_64.manylinux2014_x86_64.manylinux_2_28_x86_64.whl", hash = "sha256:f0b343a1d3989547024377c2ba0dca9c74a2428ad6ed24283c213af8dbb0710b"},
    {file = "mypy-1.14.0-cp39-cp39-musllinux_1_2_x86_64.whl", hash = "sha256:cdb5563c1726c85fb201be383168f8c866032db95e1095600806625b3a648cb7"},
    {file = "mypy-1.14.0-cp39-cp39-win_amd64.whl", hash = "sha256:74e925649c1ee0a79aa7448baf2668d81cc287dc5782cff6a04ee93f40fb8d3f"},
    {file = "mypy-1.14.0-py3-none-any.whl", hash = "sha256:2238d7f93fc4027ed1efc944507683df3ba406445a2b6c96e79666a045aadfab"},
    {file = "mypy-1.14.0.tar.gz", hash = "sha256:822dbd184d4a9804df5a7d5335a68cf7662930e70b8c1bc976645d1509f9a9d6"},
]

[package.dependencies]
mypy_extensions = ">=1.0.0"
typing_extensions = ">=4.6.0"

[package.extras]
dmypy = ["psutil (>=4.0)"]
faster-cache = ["orjson"]
install-types = ["pip"]
mypyc = ["setuptools (>=50)"]
reports = ["lxml"]

[[package]]
name = "mypy-extensions"
version = "1.0.0"
description = "Type system extensions for programs checked with the mypy type checker."
optional = false
python-versions = ">=3.5"
files = [
    {file = "mypy_extensions-1.0.0-py3-none-any.whl", hash = "sha256:4392f6c0eb8a5668a69e23d168ffa70f0be9ccfd32b5cc2d26a34ae5b844552d"},
    {file = "mypy_extensions-1.0.0.tar.gz", hash = "sha256:75dbf8955dc00442a438fc4d0666508a9a97b6bd41aa2f0ffe9d2f2725af0782"},
]

[[package]]
name = "numpy"
version = "2.2.1"
description = "Fundamental package for array computing in Python"
optional = false
python-versions = ">=3.10"
files = [
    {file = "numpy-2.2.1-cp310-cp310-macosx_10_9_x86_64.whl", hash = "sha256:5edb4e4caf751c1518e6a26a83501fda79bff41cc59dac48d70e6d65d4ec4440"},
    {file = "numpy-2.2.1-cp310-cp310-macosx_11_0_arm64.whl", hash = "sha256:aa3017c40d513ccac9621a2364f939d39e550c542eb2a894b4c8da92b38896ab"},
    {file = "numpy-2.2.1-cp310-cp310-macosx_14_0_arm64.whl", hash = "sha256:61048b4a49b1c93fe13426e04e04fdf5a03f456616f6e98c7576144677598675"},
    {file = "numpy-2.2.1-cp310-cp310-macosx_14_0_x86_64.whl", hash = "sha256:7671dc19c7019103ca44e8d94917eba8534c76133523ca8406822efdd19c9308"},
    {file = "numpy-2.2.1-cp310-cp310-manylinux_2_17_aarch64.manylinux2014_aarch64.whl", hash = "sha256:4250888bcb96617e00bfa28ac24850a83c9f3a16db471eca2ee1f1714df0f957"},
    {file = "numpy-2.2.1-cp310-cp310-manylinux_2_17_x86_64.manylinux2014_x86_64.whl", hash = "sha256:a7746f235c47abc72b102d3bce9977714c2444bdfaea7888d241b4c4bb6a78bf"},
    {file = "numpy-2.2.1-cp310-cp310-musllinux_1_2_aarch64.whl", hash = "sha256:059e6a747ae84fce488c3ee397cee7e5f905fd1bda5fb18c66bc41807ff119b2"},
    {file = "numpy-2.2.1-cp310-cp310-musllinux_1_2_x86_64.whl", hash = "sha256:f62aa6ee4eb43b024b0e5a01cf65a0bb078ef8c395e8713c6e8a12a697144528"},
    {file = "numpy-2.2.1-cp310-cp310-win32.whl", hash = "sha256:48fd472630715e1c1c89bf1feab55c29098cb403cc184b4859f9c86d4fcb6a95"},
    {file = "numpy-2.2.1-cp310-cp310-win_amd64.whl", hash = "sha256:b541032178a718c165a49638d28272b771053f628382d5e9d1c93df23ff58dbf"},
    {file = "numpy-2.2.1-cp311-cp311-macosx_10_9_x86_64.whl", hash = "sha256:40f9e544c1c56ba8f1cf7686a8c9b5bb249e665d40d626a23899ba6d5d9e1484"},
    {file = "numpy-2.2.1-cp311-cp311-macosx_11_0_arm64.whl", hash = "sha256:f9b57eaa3b0cd8db52049ed0330747b0364e899e8a606a624813452b8203d5f7"},
    {file = "numpy-2.2.1-cp311-cp311-macosx_14_0_arm64.whl", hash = "sha256:bc8a37ad5b22c08e2dbd27df2b3ef7e5c0864235805b1e718a235bcb200cf1cb"},
    {file = "numpy-2.2.1-cp311-cp311-macosx_14_0_x86_64.whl", hash = "sha256:9036d6365d13b6cbe8f27a0eaf73ddcc070cae584e5ff94bb45e3e9d729feab5"},
    {file = "numpy-2.2.1-cp311-cp311-manylinux_2_17_aarch64.manylinux2014_aarch64.whl", hash = "sha256:51faf345324db860b515d3f364eaa93d0e0551a88d6218a7d61286554d190d73"},
    {file = "numpy-2.2.1-cp311-cp311-manylinux_2_17_x86_64.manylinux2014_x86_64.whl", hash = "sha256:38efc1e56b73cc9b182fe55e56e63b044dd26a72128fd2fbd502f75555d92591"},
    {file = "numpy-2.2.1-cp311-cp311-musllinux_1_2_aarch64.whl", hash = "sha256:31b89fa67a8042e96715c68e071a1200c4e172f93b0fbe01a14c0ff3ff820fc8"},
    {file = "numpy-2.2.1-cp311-cp311-musllinux_1_2_x86_64.whl", hash = "sha256:4c86e2a209199ead7ee0af65e1d9992d1dce7e1f63c4b9a616500f93820658d0"},
    {file = "numpy-2.2.1-cp311-cp311-win32.whl", hash = "sha256:b34d87e8a3090ea626003f87f9392b3929a7bbf4104a05b6667348b6bd4bf1cd"},
    {file = "numpy-2.2.1-cp311-cp311-win_amd64.whl", hash = "sha256:360137f8fb1b753c5cde3ac388597ad680eccbbbb3865ab65efea062c4a1fd16"},
    {file = "numpy-2.2.1-cp312-cp312-macosx_10_13_x86_64.whl", hash = "sha256:694f9e921a0c8f252980e85bce61ebbd07ed2b7d4fa72d0e4246f2f8aa6642ab"},
    {file = "numpy-2.2.1-cp312-cp312-macosx_11_0_arm64.whl", hash = "sha256:3683a8d166f2692664262fd4900f207791d005fb088d7fdb973cc8d663626faa"},
    {file = "numpy-2.2.1-cp312-cp312-macosx_14_0_arm64.whl", hash = "sha256:780077d95eafc2ccc3ced969db22377b3864e5b9a0ea5eb347cc93b3ea900315"},
    {file = "numpy-2.2.1-cp312-cp312-macosx_14_0_x86_64.whl", hash = "sha256:55ba24ebe208344aa7a00e4482f65742969a039c2acfcb910bc6fcd776eb4355"},
    {file = "numpy-2.2.1-cp312-cp312-manylinux_2_17_aarch64.manylinux2014_aarch64.whl", hash = "sha256:9b1d07b53b78bf84a96898c1bc139ad7f10fda7423f5fd158fd0f47ec5e01ac7"},
    {file = "numpy-2.2.1-cp312-cp312-manylinux_2_17_x86_64.manylinux2014_x86_64.whl", hash = "sha256:5062dc1a4e32a10dc2b8b13cedd58988261416e811c1dc4dbdea4f57eea61b0d"},
    {file = "numpy-2.2.1-cp312-cp312-musllinux_1_2_aarch64.whl", hash = "sha256:fce4f615f8ca31b2e61aa0eb5865a21e14f5629515c9151850aa936c02a1ee51"},
    {file = "numpy-2.2.1-cp312-cp312-musllinux_1_2_x86_64.whl", hash = "sha256:67d4cda6fa6ffa073b08c8372aa5fa767ceb10c9a0587c707505a6d426f4e046"},
    {file = "numpy-2.2.1-cp312-cp312-win32.whl", hash = "sha256:32cb94448be47c500d2c7a95f93e2f21a01f1fd05dd2beea1ccd049bb6001cd2"},
    {file = "numpy-2.2.1-cp312-cp312-win_amd64.whl", hash = "sha256:ba5511d8f31c033a5fcbda22dd5c813630af98c70b2661f2d2c654ae3cdfcfc8"},
    {file = "numpy-2.2.1-cp313-cp313-macosx_10_13_x86_64.whl", hash = "sha256:f1d09e520217618e76396377c81fba6f290d5f926f50c35f3a5f72b01a0da780"},
    {file = "numpy-2.2.1-cp313-cp313-macosx_11_0_arm64.whl", hash = "sha256:3ecc47cd7f6ea0336042be87d9e7da378e5c7e9b3c8ad0f7c966f714fc10d821"},
    {file = "numpy-2.2.1-cp313-cp313-macosx_14_0_arm64.whl", hash = "sha256:f419290bc8968a46c4933158c91a0012b7a99bb2e465d5ef5293879742f8797e"},
    {file = "numpy-2.2.1-cp313-cp313-macosx_14_0_x86_64.whl", hash = "sha256:5b6c390bfaef8c45a260554888966618328d30e72173697e5cabe6b285fb2348"},
    {file = "numpy-2.2.1-cp313-cp313-manylinux_2_17_aarch64.manylinux2014_aarch64.whl", hash = "sha256:526fc406ab991a340744aad7e25251dd47a6720a685fa3331e5c59fef5282a59"},
    {file = "numpy-2.2.1-cp313-cp313-manylinux_2_17_x86_64.manylinux2014_x86_64.whl", hash = "sha256:f74e6fdeb9a265624ec3a3918430205dff1df7e95a230779746a6af78bc615af"},
    {file = "numpy-2.2.1-cp313-cp313-musllinux_1_2_aarch64.whl", hash = "sha256:53c09385ff0b72ba79d8715683c1168c12e0b6e84fb0372e97553d1ea91efe51"},
    {file = "numpy-2.2.1-cp313-cp313-musllinux_1_2_x86_64.whl", hash = "sha256:f3eac17d9ec51be534685ba877b6ab5edc3ab7ec95c8f163e5d7b39859524716"},
    {file = "numpy-2.2.1-cp313-cp313-win32.whl", hash = "sha256:9ad014faa93dbb52c80d8f4d3dcf855865c876c9660cb9bd7553843dd03a4b1e"},
    {file = "numpy-2.2.1-cp313-cp313-win_amd64.whl", hash = "sha256:164a829b6aacf79ca47ba4814b130c4020b202522a93d7bff2202bfb33b61c60"},
    {file = "numpy-2.2.1-cp313-cp313t-macosx_10_13_x86_64.whl", hash = "sha256:4dfda918a13cc4f81e9118dea249e192ab167a0bb1966272d5503e39234d694e"},
    {file = "numpy-2.2.1-cp313-cp313t-macosx_11_0_arm64.whl", hash = "sha256:733585f9f4b62e9b3528dd1070ec4f52b8acf64215b60a845fa13ebd73cd0712"},
    {file = "numpy-2.2.1-cp313-cp313t-macosx_14_0_arm64.whl", hash = "sha256:89b16a18e7bba224ce5114db863e7029803c179979e1af6ad6a6b11f70545008"},
    {file = "numpy-2.2.1-cp313-cp313t-macosx_14_0_x86_64.whl", hash = "sha256:676f4eebf6b2d430300f1f4f4c2461685f8269f94c89698d832cdf9277f30b84"},
    {file = "numpy-2.2.1-cp313-cp313t-manylinux_2_17_aarch64.manylinux2014_aarch64.whl", hash = "sha256:27f5cdf9f493b35f7e41e8368e7d7b4bbafaf9660cba53fb21d2cd174ec09631"},
    {file = "numpy-2.2.1-cp313-cp313t-manylinux_2_17_x86_64.manylinux2014_x86_64.whl", hash = "sha256:c1ad395cf254c4fbb5b2132fee391f361a6e8c1adbd28f2cd8e79308a615fe9d"},
    {file = "numpy-2.2.1-cp313-cp313t-musllinux_1_2_aarch64.whl", hash = "sha256:08ef779aed40dbc52729d6ffe7dd51df85796a702afbf68a4f4e41fafdc8bda5"},
    {file = "numpy-2.2.1-cp313-cp313t-musllinux_1_2_x86_64.whl", hash = "sha256:26c9c4382b19fcfbbed3238a14abf7ff223890ea1936b8890f058e7ba35e8d71"},
    {file = "numpy-2.2.1-cp313-cp313t-win32.whl", hash = "sha256:93cf4e045bae74c90ca833cba583c14b62cb4ba2cba0abd2b141ab52548247e2"},
    {file = "numpy-2.2.1-cp313-cp313t-win_amd64.whl", hash = "sha256:bff7d8ec20f5f42607599f9994770fa65d76edca264a87b5e4ea5629bce12268"},
    {file = "numpy-2.2.1-pp310-pypy310_pp73-macosx_10_15_x86_64.whl", hash = "sha256:7ba9cc93a91d86365a5d270dee221fdc04fb68d7478e6bf6af650de78a8339e3"},
    {file = "numpy-2.2.1-pp310-pypy310_pp73-macosx_14_0_x86_64.whl", hash = "sha256:3d03883435a19794e41f147612a77a8f56d4e52822337844fff3d4040a142964"},
    {file = "numpy-2.2.1-pp310-pypy310_pp73-manylinux_2_17_x86_64.manylinux2014_x86_64.whl", hash = "sha256:4511d9e6071452b944207c8ce46ad2f897307910b402ea5fa975da32e0102800"},
    {file = "numpy-2.2.1-pp310-pypy310_pp73-win_amd64.whl", hash = "sha256:5c5cc0cbabe9452038ed984d05ac87910f89370b9242371bd9079cb4af61811e"},
    {file = "numpy-2.2.1.tar.gz", hash = "sha256:45681fd7128c8ad1c379f0ca0776a8b0c6583d2f69889ddac01559dfe4390918"},
]

[[package]]
name = "opt-einsum"
version = "3.4.0"
description = "Path optimization of einsum functions."
optional = false
python-versions = ">=3.8"
files = [
    {file = "opt_einsum-3.4.0-py3-none-any.whl", hash = "sha256:69bb92469f86a1565195ece4ac0323943e83477171b91d24c35afe028a90d7cd"},
    {file = "opt_einsum-3.4.0.tar.gz", hash = "sha256:96ca72f1b886d148241348783498194c577fa30a8faac108586b14f1ba4473ac"},
]

[[package]]
name = "optax"
version = "0.2.4"
description = "A gradient processing and optimization library in JAX."
optional = false
python-versions = ">=3.9"
files = [
    {file = "optax-0.2.4-py3-none-any.whl", hash = "sha256:db35c04e50b52596662efb002334de08c2a0a74971e4da33f467e84fac08886a"},
    {file = "optax-0.2.4.tar.gz", hash = "sha256:4e05d3d5307e6dde4c319187ae36e6cd3a0c035d4ed25e9e992449a304f47336"},
]

[package.dependencies]
absl-py = ">=0.7.1"
chex = ">=0.1.87"
etils = {version = "*", extras = ["epy"]}
jax = ">=0.4.27"
jaxlib = ">=0.4.27"
numpy = ">=1.18.0"

[package.extras]
docs = ["flax", "ipython (>=8.8.0)", "matplotlib (>=3.5.0)", "myst-nb (>=1.0.0)", "sphinx (>=6.0.0)", "sphinx-autodoc-typehints", "sphinx-book-theme (>=1.0.1)", "sphinx-collections (>=0.0.1)", "sphinx-gallery (>=0.14.0)", "sphinx_contributors", "sphinxcontrib-katex", "tensorflow (>=2.4.0)", "tensorflow-datasets (>=4.2.0)"]
dp-accounting = ["absl-py (>=1.0.0)", "attrs (>=21.4.0)", "mpmath (>=1.2.1)", "numpy (>=1.21.4)", "scipy (>=1.7.1)"]
examples = ["dp_accounting (>=0.4)", "flax", "ipywidgets", "tensorflow (>=2.4.0)", "tensorflow-datasets (>=4.2.0)"]
test = ["dm-tree (>=0.1.7)", "flax (>=0.5.3)", "scikit-learn", "scipy (>=1.7.1)"]

[[package]]
name = "ruff"
version = "0.8.4"
description = "An extremely fast Python linter and code formatter, written in Rust."
optional = false
python-versions = ">=3.7"
files = [
    {file = "ruff-0.8.4-py3-none-linux_armv6l.whl", hash = "sha256:58072f0c06080276804c6a4e21a9045a706584a958e644353603d36ca1eb8a60"},
    {file = "ruff-0.8.4-py3-none-macosx_10_12_x86_64.whl", hash = "sha256:ffb60904651c00a1e0b8df594591770018a0f04587f7deeb3838344fe3adabac"},
    {file = "ruff-0.8.4-py3-none-macosx_11_0_arm64.whl", hash = "sha256:6ddf5d654ac0d44389f6bf05cee4caeefc3132a64b58ea46738111d687352296"},
    {file = "ruff-0.8.4-py3-none-manylinux_2_17_aarch64.manylinux2014_aarch64.whl", hash = "sha256:e248b1f0fa2749edd3350a2a342b67b43a2627434c059a063418e3d375cfe643"},
    {file = "ruff-0.8.4-py3-none-manylinux_2_17_armv7l.manylinux2014_armv7l.whl", hash = "sha256:bf197b98ed86e417412ee3b6c893f44c8864f816451441483253d5ff22c0e81e"},
    {file = "ruff-0.8.4-py3-none-manylinux_2_17_i686.manylinux2014_i686.whl", hash = "sha256:c41319b85faa3aadd4d30cb1cffdd9ac6b89704ff79f7664b853785b48eccdf3"},
    {file = "ruff-0.8.4-py3-none-manylinux_2_17_ppc64.manylinux2014_ppc64.whl", hash = "sha256:9f8402b7c4f96463f135e936d9ab77b65711fcd5d72e5d67597b543bbb43cf3f"},
    {file = "ruff-0.8.4-py3-none-manylinux_2_17_ppc64le.manylinux2014_ppc64le.whl", hash = "sha256:e4e56b3baa9c23d324ead112a4fdf20db9a3f8f29eeabff1355114dd96014604"},
    {file = "ruff-0.8.4-py3-none-manylinux_2_17_s390x.manylinux2014_s390x.whl", hash = "sha256:736272574e97157f7edbbb43b1d046125fce9e7d8d583d5d65d0c9bf2c15addf"},
    {file = "ruff-0.8.4-py3-none-manylinux_2_17_x86_64.manylinux2014_x86_64.whl", hash = "sha256:e5fe710ab6061592521f902fca7ebcb9fabd27bc7c57c764298b1c1f15fff720"},
    {file = "ruff-0.8.4-py3-none-musllinux_1_2_aarch64.whl", hash = "sha256:13e9ec6d6b55f6da412d59953d65d66e760d583dd3c1c72bf1f26435b5bfdbae"},
    {file = "ruff-0.8.4-py3-none-musllinux_1_2_armv7l.whl", hash = "sha256:97d9aefef725348ad77d6db98b726cfdb075a40b936c7984088804dfd38268a7"},
    {file = "ruff-0.8.4-py3-none-musllinux_1_2_i686.whl", hash = "sha256:ab78e33325a6f5374e04c2ab924a3367d69a0da36f8c9cb6b894a62017506111"},
    {file = "ruff-0.8.4-py3-none-musllinux_1_2_x86_64.whl", hash = "sha256:8ef06f66f4a05c3ddbc9121a8b0cecccd92c5bf3dd43b5472ffe40b8ca10f0f8"},
    {file = "ruff-0.8.4-py3-none-win32.whl", hash = "sha256:552fb6d861320958ca5e15f28b20a3d071aa83b93caee33a87b471f99a6c0835"},
    {file = "ruff-0.8.4-py3-none-win_amd64.whl", hash = "sha256:f21a1143776f8656d7f364bd264a9d60f01b7f52243fbe90e7670c0dfe0cf65d"},
    {file = "ruff-0.8.4-py3-none-win_arm64.whl", hash = "sha256:9183dd615d8df50defa8b1d9a074053891ba39025cf5ae88e8bcb52edcc4bf08"},
    {file = "ruff-0.8.4.tar.gz", hash = "sha256:0d5f89f254836799af1615798caa5f80b7f935d7a670fad66c5007928e57ace8"},
]

[[package]]
name = "scipy"
version = "1.14.1"
description = "Fundamental algorithms for scientific computing in Python"
optional = false
python-versions = ">=3.10"
files = [
    {file = "scipy-1.14.1-cp310-cp310-macosx_10_13_x86_64.whl", hash = "sha256:b28d2ca4add7ac16ae8bb6632a3c86e4b9e4d52d3e34267f6e1b0c1f8d87e389"},
    {file = "scipy-1.14.1-cp310-cp310-macosx_12_0_arm64.whl", hash = "sha256:d0d2821003174de06b69e58cef2316a6622b60ee613121199cb2852a873f8cf3"},
    {file = "scipy-1.14.1-cp310-cp310-macosx_14_0_arm64.whl", hash = "sha256:8bddf15838ba768bb5f5083c1ea012d64c9a444e16192762bd858f1e126196d0"},
    {file = "scipy-1.14.1-cp310-cp310-macosx_14_0_x86_64.whl", hash = "sha256:97c5dddd5932bd2a1a31c927ba5e1463a53b87ca96b5c9bdf5dfd6096e27efc3"},
    {file = "scipy-1.14.1-cp310-cp310-manylinux_2_17_aarch64.manylinux2014_aarch64.whl", hash = "sha256:2ff0a7e01e422c15739ecd64432743cf7aae2b03f3084288f399affcefe5222d"},
    {file = "scipy-1.14.1-cp310-cp310-manylinux_2_17_x86_64.manylinux2014_x86_64.whl", hash = "sha256:8e32dced201274bf96899e6491d9ba3e9a5f6b336708656466ad0522d8528f69"},
    {file = "scipy-1.14.1-cp310-cp310-musllinux_1_2_x86_64.whl", hash = "sha256:8426251ad1e4ad903a4514712d2fa8fdd5382c978010d1c6f5f37ef286a713ad"},
    {file = "scipy-1.14.1-cp310-cp310-win_amd64.whl", hash = "sha256:a49f6ed96f83966f576b33a44257d869756df6cf1ef4934f59dd58b25e0327e5"},
    {file = "scipy-1.14.1-cp311-cp311-macosx_10_13_x86_64.whl", hash = "sha256:2da0469a4ef0ecd3693761acbdc20f2fdeafb69e6819cc081308cc978153c675"},
    {file = "scipy-1.14.1-cp311-cp311-macosx_12_0_arm64.whl", hash = "sha256:c0ee987efa6737242745f347835da2cc5bb9f1b42996a4d97d5c7ff7928cb6f2"},
    {file = "scipy-1.14.1-cp311-cp311-macosx_14_0_arm64.whl", hash = "sha256:3a1b111fac6baec1c1d92f27e76511c9e7218f1695d61b59e05e0fe04dc59617"},
    {file = "scipy-1.14.1-cp311-cp311-macosx_14_0_x86_64.whl", hash = "sha256:8475230e55549ab3f207bff11ebfc91c805dc3463ef62eda3ccf593254524ce8"},
    {file = "scipy-1.14.1-cp311-cp311-manylinux_2_17_aarch64.manylinux2014_aarch64.whl", hash = "sha256:278266012eb69f4a720827bdd2dc54b2271c97d84255b2faaa8f161a158c3b37"},
    {file = "scipy-1.14.1-cp311-cp311-manylinux_2_17_x86_64.manylinux2014_x86_64.whl", hash = "sha256:fef8c87f8abfb884dac04e97824b61299880c43f4ce675dd2cbeadd3c9b466d2"},
    {file = "scipy-1.14.1-cp311-cp311-musllinux_1_2_x86_64.whl", hash = "sha256:b05d43735bb2f07d689f56f7b474788a13ed8adc484a85aa65c0fd931cf9ccd2"},
    {file = "scipy-1.14.1-cp311-cp311-win_amd64.whl", hash = "sha256:716e389b694c4bb564b4fc0c51bc84d381735e0d39d3f26ec1af2556ec6aad94"},
    {file = "scipy-1.14.1-cp312-cp312-macosx_10_13_x86_64.whl", hash = "sha256:631f07b3734d34aced009aaf6fedfd0eb3498a97e581c3b1e5f14a04164a456d"},
    {file = "scipy-1.14.1-cp312-cp312-macosx_12_0_arm64.whl", hash = "sha256:af29a935803cc707ab2ed7791c44288a682f9c8107bc00f0eccc4f92c08d6e07"},
    {file = "scipy-1.14.1-cp312-cp312-macosx_14_0_arm64.whl", hash = "sha256:2843f2d527d9eebec9a43e6b406fb7266f3af25a751aa91d62ff416f54170bc5"},
    {file = "scipy-1.14.1-cp312-cp312-macosx_14_0_x86_64.whl", hash = "sha256:eb58ca0abd96911932f688528977858681a59d61a7ce908ffd355957f7025cfc"},
    {file = "scipy-1.14.1-cp312-cp312-manylinux_2_17_aarch64.manylinux2014_aarch64.whl", hash = "sha256:30ac8812c1d2aab7131a79ba62933a2a76f582d5dbbc695192453dae67ad6310"},
    {file = "scipy-1.14.1-cp312-cp312-manylinux_2_17_x86_64.manylinux2014_x86_64.whl", hash = "sha256:8f9ea80f2e65bdaa0b7627fb00cbeb2daf163caa015e59b7516395fe3bd1e066"},
    {file = "scipy-1.14.1-cp312-cp312-musllinux_1_2_x86_64.whl", hash = "sha256:edaf02b82cd7639db00dbff629995ef185c8df4c3ffa71a5562a595765a06ce1"},
    {file = "scipy-1.14.1-cp312-cp312-win_amd64.whl", hash = "sha256:2ff38e22128e6c03ff73b6bb0f85f897d2362f8c052e3b8ad00532198fbdae3f"},
    {file = "scipy-1.14.1-cp313-cp313-macosx_10_13_x86_64.whl", hash = "sha256:1729560c906963fc8389f6aac023739ff3983e727b1a4d87696b7bf108316a79"},
    {file = "scipy-1.14.1-cp313-cp313-macosx_12_0_arm64.whl", hash = "sha256:4079b90df244709e675cdc8b93bfd8a395d59af40b72e339c2287c91860deb8e"},
    {file = "scipy-1.14.1-cp313-cp313-macosx_14_0_arm64.whl", hash = "sha256:e0cf28db0f24a38b2a0ca33a85a54852586e43cf6fd876365c86e0657cfe7d73"},
    {file = "scipy-1.14.1-cp313-cp313-macosx_14_0_x86_64.whl", hash = "sha256:0c2f95de3b04e26f5f3ad5bb05e74ba7f68b837133a4492414b3afd79dfe540e"},
    {file = "scipy-1.14.1-cp313-cp313-manylinux_2_17_aarch64.manylinux2014_aarch64.whl", hash = "sha256:b99722ea48b7ea25e8e015e8341ae74624f72e5f21fc2abd45f3a93266de4c5d"},
    {file = "scipy-1.14.1-cp313-cp313-manylinux_2_17_x86_64.manylinux2014_x86_64.whl", hash = "sha256:5149e3fd2d686e42144a093b206aef01932a0059c2a33ddfa67f5f035bdfe13e"},
    {file = "scipy-1.14.1-cp313-cp313-musllinux_1_2_x86_64.whl", hash = "sha256:e4f5a7c49323533f9103d4dacf4e4f07078f360743dec7f7596949149efeec06"},
    {file = "scipy-1.14.1-cp313-cp313-win_amd64.whl", hash = "sha256:baff393942b550823bfce952bb62270ee17504d02a1801d7fd0719534dfb9c84"},
    {file = "scipy-1.14.1.tar.gz", hash = "sha256:5a275584e726026a5699459aa72f828a610821006228e841b94275c4a7c08417"},
]

[package.dependencies]
numpy = ">=1.23.5,<2.3"

[package.extras]
dev = ["cython-lint (>=0.12.2)", "doit (>=0.36.0)", "mypy (==1.10.0)", "pycodestyle", "pydevtool", "rich-click", "ruff (>=0.0.292)", "types-psutil", "typing_extensions"]
doc = ["jupyterlite-pyodide-kernel", "jupyterlite-sphinx (>=0.13.1)", "jupytext", "matplotlib (>=3.5)", "myst-nb", "numpydoc", "pooch", "pydata-sphinx-theme (>=0.15.2)", "sphinx (>=5.0.0,<=7.3.7)", "sphinx-design (>=0.4.0)"]
test = ["Cython", "array-api-strict (>=2.0)", "asv", "gmpy2", "hypothesis (>=6.30)", "meson", "mpmath", "ninja", "pooch", "pytest", "pytest-cov", "pytest-timeout", "pytest-xdist", "scikit-umfpack", "threadpoolctl"]

[[package]]
name = "setuptools"
version = "75.6.0"
description = "Easily download, build, install, upgrade, and uninstall Python packages"
optional = false
python-versions = ">=3.9"
files = [
    {file = "setuptools-75.6.0-py3-none-any.whl", hash = "sha256:ce74b49e8f7110f9bf04883b730f4765b774ef3ef28f722cce7c273d253aaf7d"},
    {file = "setuptools-75.6.0.tar.gz", hash = "sha256:8199222558df7c86216af4f84c30e9b34a61d8ba19366cc914424cdbd28252f6"},
]

[package.extras]
check = ["pytest-checkdocs (>=2.4)", "pytest-ruff (>=0.2.1)", "ruff (>=0.7.0)"]
core = ["importlib_metadata (>=6)", "jaraco.collections", "jaraco.functools (>=4)", "jaraco.text (>=3.7)", "more_itertools", "more_itertools (>=8.8)", "packaging", "packaging (>=24.2)", "platformdirs (>=4.2.2)", "tomli (>=2.0.1)", "wheel (>=0.43.0)"]
cover = ["pytest-cov"]
doc = ["furo", "jaraco.packaging (>=9.3)", "jaraco.tidelift (>=1.4)", "pygments-github-lexers (==0.0.5)", "pyproject-hooks (!=1.1)", "rst.linker (>=1.9)", "sphinx (>=3.5)", "sphinx-favicon", "sphinx-inline-tabs", "sphinx-lint", "sphinx-notfound-page (>=1,<2)", "sphinx-reredirects", "sphinxcontrib-towncrier", "towncrier (<24.7)"]
enabler = ["pytest-enabler (>=2.2)"]
test = ["build[virtualenv] (>=1.0.3)", "filelock (>=3.4.0)", "ini2toml[lite] (>=0.14)", "jaraco.develop (>=7.21)", "jaraco.envs (>=2.2)", "jaraco.path (>=3.2.0)", "jaraco.test (>=5.5)", "packaging (>=24.2)", "pip (>=19.1)", "pyproject-hooks (!=1.1)", "pytest (>=6,!=8.1.*)", "pytest-home (>=0.5)", "pytest-perf", "pytest-subprocess", "pytest-timeout", "pytest-xdist (>=3)", "tomli-w (>=1.0.0)", "virtualenv (>=13.0.0)", "wheel (>=0.44.0)"]
type = ["importlib_metadata (>=7.0.2)", "jaraco.develop (>=7.21)", "mypy (>=1.12,<1.14)", "pytest-mypy"]

[[package]]
name = "toolz"
version = "1.0.0"
description = "List processing tools and functional utilities"
optional = false
python-versions = ">=3.8"
files = [
    {file = "toolz-1.0.0-py3-none-any.whl", hash = "sha256:292c8f1c4e7516bf9086f8850935c799a874039c8bcf959d47b600e4c44a6236"},
    {file = "toolz-1.0.0.tar.gz", hash = "sha256:2c86e3d9a04798ac556793bced838816296a2f085017664e4995cb40a1047a02"},
]

[[package]]
name = "typing-extensions"
version = "4.12.2"
description = "Backported and Experimental Type Hints for Python 3.8+"
optional = false
python-versions = ">=3.8"
files = [
    {file = "typing_extensions-4.12.2-py3-none-any.whl", hash = "sha256:04e5ca0351e0f3f85c6853954072df659d0d13fac324d0072316b67d7794700d"},
    {file = "typing_extensions-4.12.2.tar.gz", hash = "sha256:1a7ead55c7e559dd4dee8856e3a88b41225abfe1ce8df57b7c13915fe121ffb8"},
]

[metadata]
lock-version = "2.0"
python-versions = "^3.12"
content-hash = "a71584abf43f691cbec2594cd4aac02cbcbab282b8266f10b3a9d2c8ee8002ed"
